// !$*UTF8*$!
{
	archiveVersion = 1;
	classes = {
	};
	objectVersion = 56;
	objects = {

/* Begin PBXBuildFile section */
		4061F6102A0C743A0076FEDC /* QuestionApp.swift in Sources */ = {isa = PBXBuildFile; fileRef = 4061F60F2A0C743A0076FEDC /* QuestionApp.swift */; };
		4061F6122A0C743A0076FEDC /* ContentView.swift in Sources */ = {isa = PBXBuildFile; fileRef = 4061F6112A0C743A0076FEDC /* ContentView.swift */; };
		4061F6142A0C743C0076FEDC /* Assets.xcassets in Resources */ = {isa = PBXBuildFile; fileRef = 4061F6132A0C743C0076FEDC /* Assets.xcassets */; };
		4061F6172A0C743C0076FEDC /* Preview Assets.xcassets in Resources */ = {isa = PBXBuildFile; fileRef = 4061F6162A0C743C0076FEDC /* Preview Assets.xcassets */; };
		4061F6212A0C743C0076FEDC /* QuestionTests.swift in Sources */ = {isa = PBXBuildFile; fileRef = 4061F6202A0C743C0076FEDC /* QuestionTests.swift */; };
		4061F62B2A0C743C0076FEDC /* QuestionUITests.swift in Sources */ = {isa = PBXBuildFile; fileRef = 4061F62A2A0C743C0076FEDC /* QuestionUITests.swift */; };
		4061F62D2A0C743C0076FEDC /* QuestionUITestsLaunchTests.swift in Sources */ = {isa = PBXBuildFile; fileRef = 4061F62C2A0C743C0076FEDC /* QuestionUITestsLaunchTests.swift */; };
		4061F63A2A0DD5790076FEDC /* SwiftUIView.swift in Sources */ = {isa = PBXBuildFile; fileRef = 4061F6392A0DD5790076FEDC /* SwiftUIView.swift */; };
		4061F63C2A0DDB110076FEDC /* KeyPadView.swift in Sources */ = {isa = PBXBuildFile; fileRef = 4061F63B2A0DDB110076FEDC /* KeyPadView.swift */; };
/* End PBXBuildFile section */

/* Begin PBXContainerItemProxy section */
		4061F61D2A0C743C0076FEDC /* PBXContainerItemProxy */ = {
			isa = PBXContainerItemProxy;
			containerPortal = 4061F6042A0C743A0076FEDC /* Project object */;
			proxyType = 1;
			remoteGlobalIDString = 4061F60B2A0C743A0076FEDC;
			remoteInfo = Question;
		};
		4061F6272A0C743C0076FEDC /* PBXContainerItemProxy */ = {
			isa = PBXContainerItemProxy;
			containerPortal = 4061F6042A0C743A0076FEDC /* Project object */;
			proxyType = 1;
			remoteGlobalIDString = 4061F60B2A0C743A0076FEDC;
			remoteInfo = Question;
		};
/* End PBXContainerItemProxy section */

/* Begin PBXFileReference section */
		4061F60C2A0C743A0076FEDC /* Question.app */ = {isa = PBXFileReference; explicitFileType = wrapper.application; includeInIndex = 0; path = Question.app; sourceTree = BUILT_PRODUCTS_DIR; };
		4061F60F2A0C743A0076FEDC /* QuestionApp.swift */ = {isa = PBXFileReference; lastKnownFileType = sourcecode.swift; path = QuestionApp.swift; sourceTree = "<group>"; };
		4061F6112A0C743A0076FEDC /* ContentView.swift */ = {isa = PBXFileReference; lastKnownFileType = sourcecode.swift; path = ContentView.swift; sourceTree = "<group>"; };
		4061F6132A0C743C0076FEDC /* Assets.xcassets */ = {isa = PBXFileReference; lastKnownFileType = folder.assetcatalog; path = Assets.xcassets; sourceTree = "<group>"; };
		4061F6162A0C743C0076FEDC /* Preview Assets.xcassets */ = {isa = PBXFileReference; lastKnownFileType = folder.assetcatalog; path = "Preview Assets.xcassets"; sourceTree = "<group>"; };
		4061F61C2A0C743C0076FEDC /* QuestionTests.xctest */ = {isa = PBXFileReference; explicitFileType = wrapper.cfbundle; includeInIndex = 0; path = QuestionTests.xctest; sourceTree = BUILT_PRODUCTS_DIR; };
		4061F6202A0C743C0076FEDC /* QuestionTests.swift */ = {isa = PBXFileReference; lastKnownFileType = sourcecode.swift; path = QuestionTests.swift; sourceTree = "<group>"; };
		4061F6262A0C743C0076FEDC /* QuestionUITests.xctest */ = {isa = PBXFileReference; explicitFileType = wrapper.cfbundle; includeInIndex = 0; path = QuestionUITests.xctest; sourceTree = BUILT_PRODUCTS_DIR; };
		4061F62A2A0C743C0076FEDC /* QuestionUITests.swift */ = {isa = PBXFileReference; lastKnownFileType = sourcecode.swift; path = QuestionUITests.swift; sourceTree = "<group>"; };
		4061F62C2A0C743C0076FEDC /* QuestionUITestsLaunchTests.swift */ = {isa = PBXFileReference; lastKnownFileType = sourcecode.swift; path = QuestionUITestsLaunchTests.swift; sourceTree = "<group>"; };
		4061F6392A0DD5790076FEDC /* SwiftUIView.swift */ = {isa = PBXFileReference; lastKnownFileType = sourcecode.swift; path = SwiftUIView.swift; sourceTree = "<group>"; };
		4061F63B2A0DDB110076FEDC /* KeyPadView.swift */ = {isa = PBXFileReference; lastKnownFileType = sourcecode.swift; path = KeyPadView.swift; sourceTree = "<group>"; };
/* End PBXFileReference section */

/* Begin PBXFrameworksBuildPhase section */
		4061F6092A0C743A0076FEDC /* Frameworks */ = {
			isa = PBXFrameworksBuildPhase;
			buildActionMask = 2147483647;
			files = (
			);
			runOnlyForDeploymentPostprocessing = 0;
		};
		4061F6192A0C743C0076FEDC /* Frameworks */ = {
			isa = PBXFrameworksBuildPhase;
			buildActionMask = 2147483647;
			files = (
			);
			runOnlyForDeploymentPostprocessing = 0;
		};
		4061F6232A0C743C0076FEDC /* Frameworks */ = {
			isa = PBXFrameworksBuildPhase;
			buildActionMask = 2147483647;
			files = (
			);
			runOnlyForDeploymentPostprocessing = 0;
		};
/* End PBXFrameworksBuildPhase section */

/* Begin PBXGroup section */
		4061F6032A0C743A0076FEDC = {
			isa = PBXGroup;
			children = (
				4061F63B2A0DDB110076FEDC /* KeyPadView.swift */,
				4061F60E2A0C743A0076FEDC /* Question */,
				4061F61F2A0C743C0076FEDC /* QuestionTests */,
				4061F6292A0C743C0076FEDC /* QuestionUITests */,
				4061F60D2A0C743A0076FEDC /* Products */,
			);
			sourceTree = "<group>";
		};
		4061F60D2A0C743A0076FEDC /* Products */ = {
			isa = PBXGroup;
			children = (
				4061F60C2A0C743A0076FEDC /* Question.app */,
				4061F61C2A0C743C0076FEDC /* QuestionTests.xctest */,
				4061F6262A0C743C0076FEDC /* QuestionUITests.xctest */,
			);
			name = Products;
			sourceTree = "<group>";
		};
		4061F60E2A0C743A0076FEDC /* Question */ = {
			isa = PBXGroup;
			children = (
				4061F60F2A0C743A0076FEDC /* QuestionApp.swift */,
				4061F6112A0C743A0076FEDC /* ContentView.swift */,
				4061F6132A0C743C0076FEDC /* Assets.xcassets */,
				4061F6152A0C743C0076FEDC /* Preview Content */,
				4061F6392A0DD5790076FEDC /* SwiftUIView.swift */,
			);
			path = Question;
			sourceTree = "<group>";
		};
		4061F6152A0C743C0076FEDC /* Preview Content */ = {
			isa = PBXGroup;
			children = (
				4061F6162A0C743C0076FEDC /* Preview Assets.xcassets */,
			);
			path = "Preview Content";
			sourceTree = "<group>";
		};
		4061F61F2A0C743C0076FEDC /* QuestionTests */ = {
			isa = PBXGroup;
			children = (
				4061F6202A0C743C0076FEDC /* QuestionTests.swift */,
			);
			path = QuestionTests;
			sourceTree = "<group>";
		};
		4061F6292A0C743C0076FEDC /* QuestionUITests */ = {
			isa = PBXGroup;
			children = (
				4061F62A2A0C743C0076FEDC /* QuestionUITests.swift */,
				4061F62C2A0C743C0076FEDC /* QuestionUITestsLaunchTests.swift */,
			);
			path = QuestionUITests;
			sourceTree = "<group>";
		};
/* End PBXGroup section */

/* Begin PBXNativeTarget section */
		4061F60B2A0C743A0076FEDC /* Question */ = {
			isa = PBXNativeTarget;
			buildConfigurationList = 4061F6302A0C743C0076FEDC /* Build configuration list for PBXNativeTarget "Question" */;
			buildPhases = (
				4061F6082A0C743A0076FEDC /* Sources */,
				4061F6092A0C743A0076FEDC /* Frameworks */,
				4061F60A2A0C743A0076FEDC /* Resources */,
			);
			buildRules = (
			);
			dependencies = (
			);
			name = Question;
			productName = Question;
			productReference = 4061F60C2A0C743A0076FEDC /* Question.app */;
			productType = "com.apple.product-type.application";
		};
		4061F61B2A0C743C0076FEDC /* QuestionTests */ = {
			isa = PBXNativeTarget;
			buildConfigurationList = 4061F6332A0C743C0076FEDC /* Build configuration list for PBXNativeTarget "QuestionTests" */;
			buildPhases = (
				4061F6182A0C743C0076FEDC /* Sources */,
				4061F6192A0C743C0076FEDC /* Frameworks */,
				4061F61A2A0C743C0076FEDC /* Resources */,
			);
			buildRules = (
			);
			dependencies = (
				4061F61E2A0C743C0076FEDC /* PBXTargetDependency */,
			);
			name = QuestionTests;
			productName = QuestionTests;
			productReference = 4061F61C2A0C743C0076FEDC /* QuestionTests.xctest */;
			productType = "com.apple.product-type.bundle.unit-test";
		};
		4061F6252A0C743C0076FEDC /* QuestionUITests */ = {
			isa = PBXNativeTarget;
			buildConfigurationList = 4061F6362A0C743C0076FEDC /* Build configuration list for PBXNativeTarget "QuestionUITests" */;
			buildPhases = (
				4061F6222A0C743C0076FEDC /* Sources */,
				4061F6232A0C743C0076FEDC /* Frameworks */,
				4061F6242A0C743C0076FEDC /* Resources */,
			);
			buildRules = (
			);
			dependencies = (
				4061F6282A0C743C0076FEDC /* PBXTargetDependency */,
			);
			name = QuestionUITests;
			productName = QuestionUITests;
			productReference = 4061F6262A0C743C0076FEDC /* QuestionUITests.xctest */;
			productType = "com.apple.product-type.bundle.ui-testing";
		};
/* End PBXNativeTarget section */

/* Begin PBXProject section */
		4061F6042A0C743A0076FEDC /* Project object */ = {
			isa = PBXProject;
			attributes = {
				BuildIndependentTargetsInParallel = 1;
				LastSwiftUpdateCheck = 1430;
				LastUpgradeCheck = 1430;
				TargetAttributes = {
					4061F60B2A0C743A0076FEDC = {
						CreatedOnToolsVersion = 14.3;
					};
					4061F61B2A0C743C0076FEDC = {
						CreatedOnToolsVersion = 14.3;
						TestTargetID = 4061F60B2A0C743A0076FEDC;
					};
					4061F6252A0C743C0076FEDC = {
						CreatedOnToolsVersion = 14.3;
						TestTargetID = 4061F60B2A0C743A0076FEDC;
					};
				};
			};
			buildConfigurationList = 4061F6072A0C743A0076FEDC /* Build configuration list for PBXProject "Question" */;
			compatibilityVersion = "Xcode 14.0";
			developmentRegion = en;
			hasScannedForEncodings = 0;
			knownRegions = (
				en,
				Base,
			);
			mainGroup = 4061F6032A0C743A0076FEDC;
			productRefGroup = 4061F60D2A0C743A0076FEDC /* Products */;
			projectDirPath = "";
			projectRoot = "";
			targets = (
				4061F60B2A0C743A0076FEDC /* Question */,
				4061F61B2A0C743C0076FEDC /* QuestionTests */,
				4061F6252A0C743C0076FEDC /* QuestionUITests */,
			);
		};
/* End PBXProject section */

/* Begin PBXResourcesBuildPhase section */
		4061F60A2A0C743A0076FEDC /* Resources */ = {
			isa = PBXResourcesBuildPhase;
			buildActionMask = 2147483647;
			files = (
				4061F6172A0C743C0076FEDC /* Preview Assets.xcassets in Resources */,
				4061F6142A0C743C0076FEDC /* Assets.xcassets in Resources */,
			);
			runOnlyForDeploymentPostprocessing = 0;
		};
		4061F61A2A0C743C0076FEDC /* Resources */ = {
			isa = PBXResourcesBuildPhase;
			buildActionMask = 2147483647;
			files = (
			);
			runOnlyForDeploymentPostprocessing = 0;
		};
		4061F6242A0C743C0076FEDC /* Resources */ = {
			isa = PBXResourcesBuildPhase;
			buildActionMask = 2147483647;
			files = (
			);
			runOnlyForDeploymentPostprocessing = 0;
		};
/* End PBXResourcesBuildPhase section */

/* Begin PBXSourcesBuildPhase section */
		4061F6082A0C743A0076FEDC /* Sources */ = {
			isa = PBXSourcesBuildPhase;
			buildActionMask = 2147483647;
			files = (
				4061F63C2A0DDB110076FEDC /* KeyPadView.swift in Sources */,
				4061F6122A0C743A0076FEDC /* ContentView.swift in Sources */,
				4061F6102A0C743A0076FEDC /* QuestionApp.swift in Sources */,
				4061F63A2A0DD5790076FEDC /* SwiftUIView.swift in Sources */,
			);
			runOnlyForDeploymentPostprocessing = 0;
		};
		4061F6182A0C743C0076FEDC /* Sources */ = {
			isa = PBXSourcesBuildPhase;
			buildActionMask = 2147483647;
			files = (
				4061F6212A0C743C0076FEDC /* QuestionTests.swift in Sources */,
			);
			runOnlyForDeploymentPostprocessing = 0;
		};
		4061F6222A0C743C0076FEDC /* Sources */ = {
			isa = PBXSourcesBuildPhase;
			buildActionMask = 2147483647;
			files = (
				4061F62D2A0C743C0076FEDC /* QuestionUITestsLaunchTests.swift in Sources */,
				4061F62B2A0C743C0076FEDC /* QuestionUITests.swift in Sources */,
			);
			runOnlyForDeploymentPostprocessing = 0;
		};
/* End PBXSourcesBuildPhase section */

/* Begin PBXTargetDependency section */
		4061F61E2A0C743C0076FEDC /* PBXTargetDependency */ = {
			isa = PBXTargetDependency;
			target = 4061F60B2A0C743A0076FEDC /* Question */;
			targetProxy = 4061F61D2A0C743C0076FEDC /* PBXContainerItemProxy */;
		};
		4061F6282A0C743C0076FEDC /* PBXTargetDependency */ = {
			isa = PBXTargetDependency;
			target = 4061F60B2A0C743A0076FEDC /* Question */;
			targetProxy = 4061F6272A0C743C0076FEDC /* PBXContainerItemProxy */;
		};
/* End PBXTargetDependency section */

/* Begin XCBuildConfiguration section */
		4061F62E2A0C743C0076FEDC /* Debug */ = {
			isa = XCBuildConfiguration;
			buildSettings = {
				ALWAYS_SEARCH_USER_PATHS = NO;
				CLANG_ANALYZER_NONNULL = YES;
				CLANG_ANALYZER_NUMBER_OBJECT_CONVERSION = YES_AGGRESSIVE;
				CLANG_CXX_LANGUAGE_STANDARD = "gnu++20";
				CLANG_ENABLE_MODULES = YES;
				CLANG_ENABLE_OBJC_ARC = YES;
				CLANG_ENABLE_OBJC_WEAK = YES;
				CLANG_WARN_BLOCK_CAPTURE_AUTORELEASING = YES;
				CLANG_WARN_BOOL_CONVERSION = YES;
				CLANG_WARN_COMMA = YES;
				CLANG_WARN_CONSTANT_CONVERSION = YES;
				CLANG_WARN_DEPRECATED_OBJC_IMPLEMENTATIONS = YES;
				CLANG_WARN_DIRECT_OBJC_ISA_USAGE = YES_ERROR;
				CLANG_WARN_DOCUMENTATION_COMMENTS = YES;
				CLANG_WARN_EMPTY_BODY = YES;
				CLANG_WARN_ENUM_CONVERSION = YES;
				CLANG_WARN_INFINITE_RECURSION = YES;
				CLANG_WARN_INT_CONVERSION = YES;
				CLANG_WARN_NON_LITERAL_NULL_CONVERSION = YES;
				CLANG_WARN_OBJC_IMPLICIT_RETAIN_SELF = YES;
				CLANG_WARN_OBJC_LITERAL_CONVERSION = YES;
				CLANG_WARN_OBJC_ROOT_CLASS = YES_ERROR;
				CLANG_WARN_QUOTED_INCLUDE_IN_FRAMEWORK_HEADER = YES;
				CLANG_WARN_RANGE_LOOP_ANALYSIS = YES;
				CLANG_WARN_STRICT_PROTOTYPES = YES;
				CLANG_WARN_SUSPICIOUS_MOVE = YES;
				CLANG_WARN_UNGUARDED_AVAILABILITY = YES_AGGRESSIVE;
				CLANG_WARN_UNREACHABLE_CODE = YES;
				CLANG_WARN__DUPLICATE_METHOD_MATCH = YES;
				COPY_PHASE_STRIP = NO;
				DEBUG_INFORMATION_FORMAT = dwarf;
				ENABLE_STRICT_OBJC_MSGSEND = YES;
				ENABLE_TESTABILITY = YES;
				GCC_C_LANGUAGE_STANDARD = gnu11;
				GCC_DYNAMIC_NO_PIC = NO;
				GCC_NO_COMMON_BLOCKS = YES;
				GCC_OPTIMIZATION_LEVEL = 0;
				GCC_PREPROCESSOR_DEFINITIONS = (
					"DEBUG=1",
					"$(inherited)",
				);
				GCC_WARN_64_TO_32_BIT_CONVERSION = YES;
				GCC_WARN_ABOUT_RETURN_TYPE = YES_ERROR;
				GCC_WARN_UNDECLARED_SELECTOR = YES;
				GCC_WARN_UNINITIALIZED_AUTOS = YES_AGGRESSIVE;
				GCC_WARN_UNUSED_FUNCTION = YES;
				GCC_WARN_UNUSED_VARIABLE = YES;
				IPHONEOS_DEPLOYMENT_TARGET = 16.4;
				MTL_ENABLE_DEBUG_INFO = INCLUDE_SOURCE;
				MTL_FAST_MATH = YES;
				ONLY_ACTIVE_ARCH = YES;
				SDKROOT = iphoneos;
				SWIFT_ACTIVE_COMPILATION_CONDITIONS = DEBUG;
				SWIFT_OPTIMIZATION_LEVEL = "-Onone";
			};
			name = Debug;
		};
		4061F62F2A0C743C0076FEDC /* Release */ = {
			isa = XCBuildConfiguration;
			buildSettings = {
				ALWAYS_SEARCH_USER_PATHS = NO;
				CLANG_ANALYZER_NONNULL = YES;
				CLANG_ANALYZER_NUMBER_OBJECT_CONVERSION = YES_AGGRESSIVE;
				CLANG_CXX_LANGUAGE_STANDARD = "gnu++20";
				CLANG_ENABLE_MODULES = YES;
				CLANG_ENABLE_OBJC_ARC = YES;
				CLANG_ENABLE_OBJC_WEAK = YES;
				CLANG_WARN_BLOCK_CAPTURE_AUTORELEASING = YES;
				CLANG_WARN_BOOL_CONVERSION = YES;
				CLANG_WARN_COMMA = YES;
				CLANG_WARN_CONSTANT_CONVERSION = YES;
				CLANG_WARN_DEPRECATED_OBJC_IMPLEMENTATIONS = YES;
				CLANG_WARN_DIRECT_OBJC_ISA_USAGE = YES_ERROR;
				CLANG_WARN_DOCUMENTATION_COMMENTS = YES;
				CLANG_WARN_EMPTY_BODY = YES;
				CLANG_WARN_ENUM_CONVERSION = YES;
				CLANG_WARN_INFINITE_RECURSION = YES;
				CLANG_WARN_INT_CONVERSION = YES;
				CLANG_WARN_NON_LITERAL_NULL_CONVERSION = YES;
				CLANG_WARN_OBJC_IMPLICIT_RETAIN_SELF = YES;
				CLANG_WARN_OBJC_LITERAL_CONVERSION = YES;
				CLANG_WARN_OBJC_ROOT_CLASS = YES_ERROR;
				CLANG_WARN_QUOTED_INCLUDE_IN_FRAMEWORK_HEADER = YES;
				CLANG_WARN_RANGE_LOOP_ANALYSIS = YES;
				CLANG_WARN_STRICT_PROTOTYPES = YES;
				CLANG_WARN_SUSPICIOUS_MOVE = YES;
				CLANG_WARN_UNGUARDED_AVAILABILITY = YES_AGGRESSIVE;
				CLANG_WARN_UNREACHABLE_CODE = YES;
				CLANG_WARN__DUPLICATE_METHOD_MATCH = YES;
				COPY_PHASE_STRIP = NO;
				DEBUG_INFORMATION_FORMAT = "dwarf-with-dsym";
				ENABLE_NS_ASSERTIONS = NO;
				ENABLE_STRICT_OBJC_MSGSEND = YES;
				GCC_C_LANGUAGE_STANDARD = gnu11;
				GCC_NO_COMMON_BLOCKS = YES;
				GCC_WARN_64_TO_32_BIT_CONVERSION = YES;
				GCC_WARN_ABOUT_RETURN_TYPE = YES_ERROR;
				GCC_WARN_UNDECLARED_SELECTOR = YES;
				GCC_WARN_UNINITIALIZED_AUTOS = YES_AGGRESSIVE;
				GCC_WARN_UNUSED_FUNCTION = YES;
				GCC_WARN_UNUSED_VARIABLE = YES;
				IPHONEOS_DEPLOYMENT_TARGET = 16.4;
				MTL_ENABLE_DEBUG_INFO = NO;
				MTL_FAST_MATH = YES;
				SDKROOT = iphoneos;
				SWIFT_COMPILATION_MODE = wholemodule;
				SWIFT_OPTIMIZATION_LEVEL = "-O";
				VALIDATE_PRODUCT = YES;
			};
			name = Release;
		};
		4061F6312A0C743C0076FEDC /* Debug */ = {
			isa = XCBuildConfiguration;
			buildSettings = {
				ASSETCATALOG_COMPILER_APPICON_NAME = AppIcon;
				ASSETCATALOG_COMPILER_GLOBAL_ACCENT_COLOR_NAME = AccentColor;
				CODE_SIGN_STYLE = Automatic;
				CURRENT_PROJECT_VERSION = 1;
				DEVELOPMENT_ASSET_PATHS = "\"Question/Preview Content\"";
				ENABLE_PREVIEWS = YES;
				GENERATE_INFOPLIST_FILE = YES;
				INFOPLIST_KEY_UIApplicationSceneManifest_Generation = YES;
				INFOPLIST_KEY_UIApplicationSupportsIndirectInputEvents = YES;
				INFOPLIST_KEY_UILaunchScreen_Generation = YES;
				INFOPLIST_KEY_UISupportedInterfaceOrientations_iPad = "UIInterfaceOrientationPortrait UIInterfaceOrientationPortraitUpsideDown UIInterfaceOrientationLandscapeLeft UIInterfaceOrientationLandscapeRight";
				INFOPLIST_KEY_UISupportedInterfaceOrientations_iPhone = "UIInterfaceOrientationPortrait UIInterfaceOrientationLandscapeLeft UIInterfaceOrientationLandscapeRight";
				LD_RUNPATH_SEARCH_PATHS = (
					"$(inherited)",
					"@executable_path/Frameworks",
				);
				MARKETING_VERSION = 1.0;
				PRODUCT_BUNDLE_IDENTIFIER = Adolf.Question;
				PRODUCT_NAME = "$(TARGET_NAME)";
				SWIFT_EMIT_LOC_STRINGS = YES;
				SWIFT_VERSION = 5.0;
				TARGETED_DEVICE_FAMILY = "1,2";
			};
			name = Debug;
		};
		4061F6322A0C743C0076FEDC /* Release */ = {
			isa = XCBuildConfiguration;
			buildSettings = {
				ASSETCATALOG_COMPILER_APPICON_NAME = AppIcon;
				ASSETCATALOG_COMPILER_GLOBAL_ACCENT_COLOR_NAME = AccentColor;
				CODE_SIGN_STYLE = Automatic;
				CURRENT_PROJECT_VERSION = 1;
				DEVELOPMENT_ASSET_PATHS = "\"Question/Preview Content\"";
				ENABLE_PREVIEWS = YES;
				GENERATE_INFOPLIST_FILE = YES;
				INFOPLIST_KEY_UIApplicationSceneManifest_Generation = YES;
				INFOPLIST_KEY_UIApplicationSupportsIndirectInputEvents = YES;
				INFOPLIST_KEY_UILaunchScreen_Generation = YES;
				INFOPLIST_KEY_UISupportedInterfaceOrientations_iPad = "UIInterfaceOrientationPortrait UIInterfaceOrientationPortraitUpsideDown UIInterfaceOrientationLandscapeLeft UIInterfaceOrientationLandscapeRight";
				INFOPLIST_KEY_UISupportedInterfaceOrientations_iPhone = "UIInterfaceOrientationPortrait UIInterfaceOrientationLandscapeLeft UIInterfaceOrientationLandscapeRight";
				LD_RUNPATH_SEARCH_PATHS = (
					"$(inherited)",
					"@executable_path/Frameworks",
				);
				MARKETING_VERSION = 1.0;
				PRODUCT_BUNDLE_IDENTIFIER = Adolf.Question;
				PRODUCT_NAME = "$(TARGET_NAME)";
				SWIFT_EMIT_LOC_STRINGS = YES;
				SWIFT_VERSION = 5.0;
				TARGETED_DEVICE_FAMILY = "1,2";
			};
			name = Release;
		};
		4061F6342A0C743C0076FEDC /* Debug */ = {
			isa = XCBuildConfiguration;
			buildSettings = {
				ALWAYS_EMBED_SWIFT_STANDARD_LIBRARIES = YES;
				BUNDLE_LOADER = "$(TEST_HOST)";
				CODE_SIGN_STYLE = Automatic;
				CURRENT_PROJECT_VERSION = 1;
				GENERATE_INFOPLIST_FILE = YES;
				IPHONEOS_DEPLOYMENT_TARGET = 16.4;
				MARKETING_VERSION = 1.0;
				PRODUCT_BUNDLE_IDENTIFIER = Adolf.QuestionTests;
				PRODUCT_NAME = "$(TARGET_NAME)";
				SWIFT_EMIT_LOC_STRINGS = NO;
				SWIFT_VERSION = 5.0;
				TARGETED_DEVICE_FAMILY = "1,2";
				TEST_HOST = "$(BUILT_PRODUCTS_DIR)/Question.app/$(BUNDLE_EXECUTABLE_FOLDER_PATH)/Question";
			};
			name = Debug;
		};
		4061F6352A0C743C0076FEDC /* Release */ = {
			isa = XCBuildConfiguration;
			buildSettings = {
				ALWAYS_EMBED_SWIFT_STANDARD_LIBRARIES = YES;
				BUNDLE_LOADER = "$(TEST_HOST)";
				CODE_SIGN_STYLE = Automatic;
				CURRENT_PROJECT_VERSION = 1;
				GENERATE_INFOPLIST_FILE = YES;
				IPHONEOS_DEPLOYMENT_TARGET = 16.4;
				MARKETING_VERSION = 1.0;
				PRODUCT_BUNDLE_IDENTIFIER = Adolf.QuestionTests;
				PRODUCT_NAME = "$(TARGET_NAME)";
				SWIFT_EMIT_LOC_STRINGS = NO;
				SWIFT_VERSION = 5.0;
				TARGETED_DEVICE_FAMILY = "1,2";
				TEST_HOST = "$(BUILT_PRODUCTS_DIR)/Question.app/$(BUNDLE_EXECUTABLE_FOLDER_PATH)/Question";
			};
			name = Release;
		};
		4061F6372A0C743C0076FEDC /* Debug */ = {
			isa = XCBuildConfiguration;
			buildSettings = {
				ALWAYS_EMBED_SWIFT_STANDARD_LIBRARIES = YES;
				CODE_SIGN_STYLE = Automatic;
				CURRENT_PROJECT_VERSION = 1;
				GENERATE_INFOPLIST_FILE = YES;
				MARKETING_VERSION = 1.0;
				PRODUCT_BUNDLE_IDENTIFIER = Adolf.QuestionUITests;
				PRODUCT_NAME = "$(TARGET_NAME)";
				SWIFT_EMIT_LOC_STRINGS = NO;
				SWIFT_VERSION = 5.0;
				TARGETED_DEVICE_FAMILY = "1,2";
				TEST_TARGET_NAME = Question;
			};
			name = Debug;
		};
		4061F6382A0C743C0076FEDC /* Release */ = {
			isa = XCBuildConfiguration;
			buildSettings = {
				ALWAYS_EMBED_SWIFT_STANDARD_LIBRARIES = YES;
				CODE_SIGN_STYLE = Automatic;
				CURRENT_PROJECT_VERSION = 1;
				GENERATE_INFOPLIST_FILE = YES;
				MARKETING_VERSION = 1.0;
				PRODUCT_BUNDLE_IDENTIFIER = Adolf.QuestionUITests;
				PRODUCT_NAME = "$(TARGET_NAME)";
				SWIFT_EMIT_LOC_STRINGS = NO;
				SWIFT_VERSION = 5.0;
				TARGETED_DEVICE_FAMILY = "1,2";
				TEST_TARGET_NAME = Question;
			};
			name = Release;
		};
/* End XCBuildConfiguration section */

/* Begin XCConfigurationList section */
		4061F6072A0C743A0076FEDC /* Build configuration list for PBXProject "Question" */ = {
			isa = XCConfigurationList;
			buildConfigurations = (
				4061F62E2A0C743C0076FEDC /* Debug */,
				4061F62F2A0C743C0076FEDC /* Release */,
			);
			defaultConfigurationIsVisible = 0;
			defaultConfigurationName = Release;
		};
		4061F6302A0C743C0076FEDC /* Build configuration list for PBXNativeTarget "Question" */ = {
			isa = XCConfigurationList;
			buildConfigurations = (
				4061F6312A0C743C0076FEDC /* Debug */,
				4061F6322A0C743C0076FEDC /* Release */,
			);
			defaultConfigurationIsVisible = 0;
			defaultConfigurationName = Release;
		};
		4061F6332A0C743C0076FEDC /* Build configuration list for PBXNativeTarget "QuestionTests" */ = {
			isa = XCConfigurationList;
			buildConfigurations = (
				4061F6342A0C743C0076FEDC /* Debug */,
				4061F6352A0C743C0076FEDC /* Release */,
			);
			defaultConfigurationIsVisible = 0;
			defaultConfigurationName = Release;
		};
		4061F6362A0C743C0076FEDC /* Build configuration list for PBXNativeTarget "QuestionUITests" */ = {
			isa = XCConfigurationList;
			buildConfigurations = (
				4061F6372A0C743C0076FEDC /* Debug */,
				4061F6382A0C743C0076FEDC /* Release */,
			);
			defaultConfigurationIsVisible = 0;
			defaultConfigurationName = Release;
		};
/* End XCConfigurationList section */
	};
	rootObject = 4061F6042A0C743A0076FEDC /* Project object */;
}
